// !$*UTF8*$!
{
	archiveVersion = 1;
	classes = {
	};
	objectVersion = 56;
	objects = {

/* Begin PBXBuildFile section */
		8B60377F2B3E7C69006071D0 /* SwiftUIContinuedLeaningApp.swift in Sources */ = {isa = PBXBuildFile; fileRef = 8B60377E2B3E7C69006071D0 /* SwiftUIContinuedLeaningApp.swift */; };
		8B6037812B3E7C69006071D0 /* ContentView.swift in Sources */ = {isa = PBXBuildFile; fileRef = 8B6037802B3E7C69006071D0 /* ContentView.swift */; };
		8B6037832B3E7C6B006071D0 /* Assets.xcassets in Resources */ = {isa = PBXBuildFile; fileRef = 8B6037822B3E7C6B006071D0 /* Assets.xcassets */; };
		8B6037862B3E7C6B006071D0 /* Preview Assets.xcassets in Resources */ = {isa = PBXBuildFile; fileRef = 8B6037852B3E7C6B006071D0 /* Preview Assets.xcassets */; };
		8B60378D2B3E887C006071D0 /* LongPressGestureBootcamp.swift in Sources */ = {isa = PBXBuildFile; fileRef = 8B60378C2B3E887C006071D0 /* LongPressGestureBootcamp.swift */; };
		8B60378F2B3F3DD6006071D0 /* BackgroundThreadBootcamp.swift in Sources */ = {isa = PBXBuildFile; fileRef = 8B60378E2B3F3DD6006071D0 /* BackgroundThreadBootcamp.swift */; };
		8B6037912B3F4BB6006071D0 /* WeakSelfBootcamp.swift in Sources */ = {isa = PBXBuildFile; fileRef = 8B6037902B3F4BB6006071D0 /* WeakSelfBootcamp.swift */; };
		8B6037932B3F54C2006071D0 /* TypealiasBootcamp.swift in Sources */ = {isa = PBXBuildFile; fileRef = 8B6037922B3F54C2006071D0 /* TypealiasBootcamp.swift */; };
/* End PBXBuildFile section */

/* Begin PBXFileReference section */
		8B60377B2B3E7C69006071D0 /* SwiftUIContinuedLeaning.app */ = {isa = PBXFileReference; explicitFileType = wrapper.application; includeInIndex = 0; path = SwiftUIContinuedLeaning.app; sourceTree = BUILT_PRODUCTS_DIR; };
		8B60377E2B3E7C69006071D0 /* SwiftUIContinuedLeaningApp.swift */ = {isa = PBXFileReference; lastKnownFileType = sourcecode.swift; path = SwiftUIContinuedLeaningApp.swift; sourceTree = "<group>"; };
		8B6037802B3E7C69006071D0 /* ContentView.swift */ = {isa = PBXFileReference; lastKnownFileType = sourcecode.swift; path = ContentView.swift; sourceTree = "<group>"; };
		8B6037822B3E7C6B006071D0 /* Assets.xcassets */ = {isa = PBXFileReference; lastKnownFileType = folder.assetcatalog; path = Assets.xcassets; sourceTree = "<group>"; };
		8B6037852B3E7C6B006071D0 /* Preview Assets.xcassets */ = {isa = PBXFileReference; lastKnownFileType = folder.assetcatalog; path = "Preview Assets.xcassets"; sourceTree = "<group>"; };
		8B60378C2B3E887C006071D0 /* LongPressGestureBootcamp.swift */ = {isa = PBXFileReference; lastKnownFileType = sourcecode.swift; path = LongPressGestureBootcamp.swift; sourceTree = "<group>"; };
		8B60378E2B3F3DD6006071D0 /* BackgroundThreadBootcamp.swift */ = {isa = PBXFileReference; lastKnownFileType = sourcecode.swift; path = BackgroundThreadBootcamp.swift; sourceTree = "<group>"; };
		8B6037902B3F4BB6006071D0 /* WeakSelfBootcamp.swift */ = {isa = PBXFileReference; lastKnownFileType = sourcecode.swift; path = WeakSelfBootcamp.swift; sourceTree = "<group>"; };
		8B6037922B3F54C2006071D0 /* TypealiasBootcamp.swift */ = {isa = PBXFileReference; lastKnownFileType = sourcecode.swift; path = TypealiasBootcamp.swift; sourceTree = "<group>"; };
/* End PBXFileReference section */

/* Begin PBXFrameworksBuildPhase section */
		8B6037782B3E7C69006071D0 /* Frameworks */ = {
			isa = PBXFrameworksBuildPhase;
			buildActionMask = 2147483647;
			files = (
			);
			runOnlyForDeploymentPostprocessing = 0;
		};
/* End PBXFrameworksBuildPhase section */

/* Begin PBXGroup section */
		8B6037722B3E7C69006071D0 = {
			isa = PBXGroup;
			children = (
				8B60377D2B3E7C69006071D0 /* SwiftUIContinuedLeaning */,
				8B60377C2B3E7C69006071D0 /* Products */,
			);
			sourceTree = "<group>";
		};
		8B60377C2B3E7C69006071D0 /* Products */ = {
			isa = PBXGroup;
			children = (
				8B60377B2B3E7C69006071D0 /* SwiftUIContinuedLeaning.app */,
			);
			name = Products;
			sourceTree = "<group>";
		};
		8B60377D2B3E7C69006071D0 /* SwiftUIContinuedLeaning */ = {
			isa = PBXGroup;
			children = (
				8B60377E2B3E7C69006071D0 /* SwiftUIContinuedLeaningApp.swift */,
				8B6037802B3E7C69006071D0 /* ContentView.swift */,
				8B60378C2B3E887C006071D0 /* LongPressGestureBootcamp.swift */,
				8B60378E2B3F3DD6006071D0 /* BackgroundThreadBootcamp.swift */,
				8B6037902B3F4BB6006071D0 /* WeakSelfBootcamp.swift */,
				8B6037922B3F54C2006071D0 /* TypealiasBootcamp.swift */,
				8B6037822B3E7C6B006071D0 /* Assets.xcassets */,
				8B6037842B3E7C6B006071D0 /* Preview Content */,
			);
			path = SwiftUIContinuedLeaning;
			sourceTree = "<group>";
		};
		8B6037842B3E7C6B006071D0 /* Preview Content */ = {
			isa = PBXGroup;
			children = (
				8B6037852B3E7C6B006071D0 /* Preview Assets.xcassets */,
			);
			path = "Preview Content";
			sourceTree = "<group>";
		};
/* End PBXGroup section */

/* Begin PBXNativeTarget section */
		8B60377A2B3E7C69006071D0 /* SwiftUIContinuedLeaning */ = {
			isa = PBXNativeTarget;
			buildConfigurationList = 8B6037892B3E7C6B006071D0 /* Build configuration list for PBXNativeTarget "SwiftUIContinuedLeaning" */;
			buildPhases = (
				8B6037772B3E7C69006071D0 /* Sources */,
				8B6037782B3E7C69006071D0 /* Frameworks */,
				8B6037792B3E7C69006071D0 /* Resources */,
			);
			buildRules = (
			);
			dependencies = (
			);
			name = SwiftUIContinuedLeaning;
			productName = SwiftUIContinuedLeaning;
			productReference = 8B60377B2B3E7C69006071D0 /* SwiftUIContinuedLeaning.app */;
			productType = "com.apple.product-type.application";
		};
/* End PBXNativeTarget section */

/* Begin PBXProject section */
		8B6037732B3E7C69006071D0 /* Project object */ = {
			isa = PBXProject;
			attributes = {
				BuildIndependentTargetsInParallel = 1;
				LastSwiftUpdateCheck = 1510;
				LastUpgradeCheck = 1510;
				TargetAttributes = {
					8B60377A2B3E7C69006071D0 = {
						CreatedOnToolsVersion = 15.1;
					};
				};
			};
			buildConfigurationList = 8B6037762B3E7C69006071D0 /* Build configuration list for PBXProject "SwiftUIContinuedLeaning" */;
			compatibilityVersion = "Xcode 14.0";
			developmentRegion = en;
			hasScannedForEncodings = 0;
			knownRegions = (
				en,
				Base,
			);
			mainGroup = 8B6037722B3E7C69006071D0;
			productRefGroup = 8B60377C2B3E7C69006071D0 /* Products */;
			projectDirPath = "";
			projectRoot = "";
			targets = (
				8B60377A2B3E7C69006071D0 /* SwiftUIContinuedLeaning */,
			);
		};
/* End PBXProject section */

/* Begin PBXResourcesBuildPhase section */
		8B6037792B3E7C69006071D0 /* Resources */ = {
			isa = PBXResourcesBuildPhase;
			buildActionMask = 2147483647;
			files = (
				8B6037862B3E7C6B006071D0 /* Preview Assets.xcassets in Resources */,
				8B6037832B3E7C6B006071D0 /* Assets.xcassets in Resources */,
			);
			runOnlyForDeploymentPostprocessing = 0;
		};
/* End PBXResourcesBuildPhase section */

/* Begin PBXSourcesBuildPhase section */
		8B6037772B3E7C69006071D0 /* Sources */ = {
			isa = PBXSourcesBuildPhase;
			buildActionMask = 2147483647;
			files = (
				8B6037812B3E7C69006071D0 /* ContentView.swift in Sources */,
				8B60377F2B3E7C69006071D0 /* SwiftUIContinuedLeaningApp.swift in Sources */,
				8B60378F2B3F3DD6006071D0 /* BackgroundThreadBootcamp.swift in Sources */,
				8B6037932B3F54C2006071D0 /* TypealiasBootcamp.swift in Sources */,
				8B60378D2B3E887C006071D0 /* LongPressGestureBootcamp.swift in Sources */,
				8B6037912B3F4BB6006071D0 /* WeakSelfBootcamp.swift in Sources */,
			);
			runOnlyForDeploymentPostprocessing = 0;
		};
/* End PBXSourcesBuildPhase section */

/* Begin XCBuildConfiguration section */
		8B6037872B3E7C6B006071D0 /* Debug */ = {
			isa = XCBuildConfiguration;
			buildSettings = {
				ALWAYS_SEARCH_USER_PATHS = NO;
				ASSETCATALOG_COMPILER_GENERATE_SWIFT_ASSET_SYMBOL_EXTENSIONS = YES;
				CLANG_ANALYZER_NONNULL = YES;
				CLANG_ANALYZER_NUMBER_OBJECT_CONVERSION = YES_AGGRESSIVE;
				CLANG_CXX_LANGUAGE_STANDARD = "gnu++20";
				CLANG_ENABLE_MODULES = YES;
				CLANG_ENABLE_OBJC_ARC = YES;
				CLANG_ENABLE_OBJC_WEAK = YES;
				CLANG_WARN_BLOCK_CAPTURE_AUTORELEASING = YES;
				CLANG_WARN_BOOL_CONVERSION = YES;
				CLANG_WARN_COMMA = YES;
				CLANG_WARN_CONSTANT_CONVERSION = YES;
				CLANG_WARN_DEPRECATED_OBJC_IMPLEMENTATIONS = YES;
				CLANG_WARN_DIRECT_OBJC_ISA_USAGE = YES_ERROR;
				CLANG_WARN_DOCUMENTATION_COMMENTS = YES;
				CLANG_WARN_EMPTY_BODY = YES;
				CLANG_WARN_ENUM_CONVERSION = YES;
				CLANG_WARN_INFINITE_RECURSION = YES;
				CLANG_WARN_INT_CONVERSION = YES;
				CLANG_WARN_NON_LITERAL_NULL_CONVERSION = YES;
				CLANG_WARN_OBJC_IMPLICIT_RETAIN_SELF = YES;
				CLANG_WARN_OBJC_LITERAL_CONVERSION = YES;
				CLANG_WARN_OBJC_ROOT_CLASS = YES_ERROR;
				CLANG_WARN_QUOTED_INCLUDE_IN_FRAMEWORK_HEADER = YES;
				CLANG_WARN_RANGE_LOOP_ANALYSIS = YES;
				CLANG_WARN_STRICT_PROTOTYPES = YES;
				CLANG_WARN_SUSPICIOUS_MOVE = YES;
				CLANG_WARN_UNGUARDED_AVAILABILITY = YES_AGGRESSIVE;
				CLANG_WARN_UNREACHABLE_CODE = YES;
				CLANG_WARN__DUPLICATE_METHOD_MATCH = YES;
				COPY_PHASE_STRIP = NO;
				DEBUG_INFORMATION_FORMAT = dwarf;
				ENABLE_STRICT_OBJC_MSGSEND = YES;
				ENABLE_TESTABILITY = YES;
				ENABLE_USER_SCRIPT_SANDBOXING = YES;
				GCC_C_LANGUAGE_STANDARD = gnu17;
				GCC_DYNAMIC_NO_PIC = NO;
				GCC_NO_COMMON_BLOCKS = YES;
				GCC_OPTIMIZATION_LEVEL = 0;
				GCC_PREPROCESSOR_DEFINITIONS = (
					"DEBUG=1",
					"$(inherited)",
				);
				GCC_WARN_64_TO_32_BIT_CONVERSION = YES;
				GCC_WARN_ABOUT_RETURN_TYPE = YES_ERROR;
				GCC_WARN_UNDECLARED_SELECTOR = YES;
				GCC_WARN_UNINITIALIZED_AUTOS = YES_AGGRESSIVE;
				GCC_WARN_UNUSED_FUNCTION = YES;
				GCC_WARN_UNUSED_VARIABLE = YES;
				IPHONEOS_DEPLOYMENT_TARGET = 17.2;
				LOCALIZATION_PREFERS_STRING_CATALOGS = YES;
				MTL_ENABLE_DEBUG_INFO = INCLUDE_SOURCE;
				MTL_FAST_MATH = YES;
				ONLY_ACTIVE_ARCH = YES;
				SDKROOT = iphoneos;
				SWIFT_ACTIVE_COMPILATION_CONDITIONS = "DEBUG $(inherited)";
				SWIFT_OPTIMIZATION_LEVEL = "-Onone";
			};
			name = Debug;
		};
		8B6037882B3E7C6B006071D0 /* Release */ = {
			isa = XCBuildConfiguration;
			buildSettings = {
				ALWAYS_SEARCH_USER_PATHS = NO;
				ASSETCATALOG_COMPILER_GENERATE_SWIFT_ASSET_SYMBOL_EXTENSIONS = YES;
				CLANG_ANALYZER_NONNULL = YES;
				CLANG_ANALYZER_NUMBER_OBJECT_CONVERSION = YES_AGGRESSIVE;
				CLANG_CXX_LANGUAGE_STANDARD = "gnu++20";
				CLANG_ENABLE_MODULES = YES;
				CLANG_ENABLE_OBJC_ARC = YES;
				CLANG_ENABLE_OBJC_WEAK = YES;
				CLANG_WARN_BLOCK_CAPTURE_AUTORELEASING = YES;
				CLANG_WARN_BOOL_CONVERSION = YES;
				CLANG_WARN_COMMA = YES;
				CLANG_WARN_CONSTANT_CONVERSION = YES;
				CLANG_WARN_DEPRECATED_OBJC_IMPLEMENTATIONS = YES;
				CLANG_WARN_DIRECT_OBJC_ISA_USAGE = YES_ERROR;
				CLANG_WARN_DOCUMENTATION_COMMENTS = YES;
				CLANG_WARN_EMPTY_BODY = YES;
				CLANG_WARN_ENUM_CONVERSION = YES;
				CLANG_WARN_INFINITE_RECURSION = YES;
				CLANG_WARN_INT_CONVERSION = YES;
				CLANG_WARN_NON_LITERAL_NULL_CONVERSION = YES;
				CLANG_WARN_OBJC_IMPLICIT_RETAIN_SELF = YES;
				CLANG_WARN_OBJC_LITERAL_CONVERSION = YES;
				CLANG_WARN_OBJC_ROOT_CLASS = YES_ERROR;
				CLANG_WARN_QUOTED_INCLUDE_IN_FRAMEWORK_HEADER = YES;
				CLANG_WARN_RANGE_LOOP_ANALYSIS = YES;
				CLANG_WARN_STRICT_PROTOTYPES = YES;
				CLANG_WARN_SUSPICIOUS_MOVE = YES;
				CLANG_WARN_UNGUARDED_AVAILABILITY = YES_AGGRESSIVE;
				CLANG_WARN_UNREACHABLE_CODE = YES;
				CLANG_WARN__DUPLICATE_METHOD_MATCH = YES;
				COPY_PHASE_STRIP = NO;
				DEBUG_INFORMATION_FORMAT = "dwarf-with-dsym";
				ENABLE_NS_ASSERTIONS = NO;
				ENABLE_STRICT_OBJC_MSGSEND = YES;
				ENABLE_USER_SCRIPT_SANDBOXING = YES;
				GCC_C_LANGUAGE_STANDARD = gnu17;
				GCC_NO_COMMON_BLOCKS = YES;
				GCC_WARN_64_TO_32_BIT_CONVERSION = YES;
				GCC_WARN_ABOUT_RETURN_TYPE = YES_ERROR;
				GCC_WARN_UNDECLARED_SELECTOR = YES;
				GCC_WARN_UNINITIALIZED_AUTOS = YES_AGGRESSIVE;
				GCC_WARN_UNUSED_FUNCTION = YES;
				GCC_WARN_UNUSED_VARIABLE = YES;
				IPHONEOS_DEPLOYMENT_TARGET = 17.2;
				LOCALIZATION_PREFERS_STRING_CATALOGS = YES;
				MTL_ENABLE_DEBUG_INFO = NO;
				MTL_FAST_MATH = YES;
				SDKROOT = iphoneos;
				SWIFT_COMPILATION_MODE = wholemodule;
				VALIDATE_PRODUCT = YES;
			};
			name = Release;
		};
		8B60378A2B3E7C6B006071D0 /* Debug */ = {
			isa = XCBuildConfiguration;
			buildSettings = {
				ASSETCATALOG_COMPILER_APPICON_NAME = AppIcon;
				ASSETCATALOG_COMPILER_GLOBAL_ACCENT_COLOR_NAME = AccentColor;
				CODE_SIGN_STYLE = Automatic;
				CURRENT_PROJECT_VERSION = 1;
				DEVELOPMENT_ASSET_PATHS = "\"SwiftUIContinuedLeaning/Preview Content\"";
				DEVELOPMENT_TEAM = 75W46TW7GG;
				ENABLE_PREVIEWS = YES;
				GENERATE_INFOPLIST_FILE = YES;
				INFOPLIST_KEY_UIApplicationSceneManifest_Generation = YES;
				INFOPLIST_KEY_UIApplicationSupportsIndirectInputEvents = YES;
				INFOPLIST_KEY_UILaunchScreen_Generation = YES;
				INFOPLIST_KEY_UISupportedInterfaceOrientations_iPad = "UIInterfaceOrientationPortrait UIInterfaceOrientationPortraitUpsideDown UIInterfaceOrientationLandscapeLeft UIInterfaceOrientationLandscapeRight";
				INFOPLIST_KEY_UISupportedInterfaceOrientations_iPhone = "UIInterfaceOrientationPortrait UIInterfaceOrientationLandscapeLeft UIInterfaceOrientationLandscapeRight";
				LD_RUNPATH_SEARCH_PATHS = (
					"$(inherited)",
					"@executable_path/Frameworks",
				);
				MARKETING_VERSION = 1.0;
				PRODUCT_BUNDLE_IDENTIFIER = com.Medhat.SwiftUIContinuedLeaning;
				PRODUCT_NAME = "$(TARGET_NAME)";
				SWIFT_EMIT_LOC_STRINGS = YES;
				SWIFT_VERSION = 5.0;
				TARGETED_DEVICE_FAMILY = "1,2";
			};
			name = Debug;
		};
		8B60378B2B3E7C6B006071D0 /* Release */ = {
			isa = XCBuildConfiguration;
			buildSettings = {
				ASSETCATALOG_COMPILER_APPICON_NAME = AppIcon;
				ASSETCATALOG_COMPILER_GLOBAL_ACCENT_COLOR_NAME = AccentColor;
				CODE_SIGN_STYLE = Automatic;
				CURRENT_PROJECT_VERSION = 1;
				DEVELOPMENT_ASSET_PATHS = "\"SwiftUIContinuedLeaning/Preview Content\"";
				DEVELOPMENT_TEAM = 75W46TW7GG;
				ENABLE_PREVIEWS = YES;
				GENERATE_INFOPLIST_FILE = YES;
				INFOPLIST_KEY_UIApplicationSceneManifest_Generation = YES;
				INFOPLIST_KEY_UIApplicationSupportsIndirectInputEvents = YES;
				INFOPLIST_KEY_UILaunchScreen_Generation = YES;
				INFOPLIST_KEY_UISupportedInterfaceOrientations_iPad = "UIInterfaceOrientationPortrait UIInterfaceOrientationPortraitUpsideDown UIInterfaceOrientationLandscapeLeft UIInterfaceOrientationLandscapeRight";
				INFOPLIST_KEY_UISupportedInterfaceOrientations_iPhone = "UIInterfaceOrientationPortrait UIInterfaceOrientationLandscapeLeft UIInterfaceOrientationLandscapeRight";
				LD_RUNPATH_SEARCH_PATHS = (
					"$(inherited)",
					"@executable_path/Frameworks",
				);
				MARKETING_VERSION = 1.0;
				PRODUCT_BUNDLE_IDENTIFIER = com.Medhat.SwiftUIContinuedLeaning;
				PRODUCT_NAME = "$(TARGET_NAME)";
				SWIFT_EMIT_LOC_STRINGS = YES;
				SWIFT_VERSION = 5.0;
				TARGETED_DEVICE_FAMILY = "1,2";
			};
			name = Release;
		};
/* End XCBuildConfiguration section */

/* Begin XCConfigurationList section */
		8B6037762B3E7C69006071D0 /* Build configuration list for PBXProject "SwiftUIContinuedLeaning" */ = {
			isa = XCConfigurationList;
			buildConfigurations = (
				8B6037872B3E7C6B006071D0 /* Debug */,
				8B6037882B3E7C6B006071D0 /* Release */,
			);
			defaultConfigurationIsVisible = 0;
			defaultConfigurationName = Release;
		};
		8B6037892B3E7C6B006071D0 /* Build configuration list for PBXNativeTarget "SwiftUIContinuedLeaning" */ = {
			isa = XCConfigurationList;
			buildConfigurations = (
				8B60378A2B3E7C6B006071D0 /* Debug */,
				8B60378B2B3E7C6B006071D0 /* Release */,
			);
			defaultConfigurationIsVisible = 0;
			defaultConfigurationName = Release;
		};
/* End XCConfigurationList section */
	};
	rootObject = 8B6037732B3E7C69006071D0 /* Project object */;
}
